
Microsoft Visual Studio Solution File, Format Version 12.00
# Visual Studio 15
VisualStudioVersion = 15.0.27703.2042
MinimumVisualStudioVersion = 10.0.40219.1
Project("{FAE04EC0-301F-11D3-BF4B-00C04F79EFBC}") = "OwinPoc", "OwinPoc\OwinPoc.csproj", "{C0F25D50-4489-4F75-BDF6-2A7DCE3DB63D}"
EndProject
Global
	GlobalSection(SolutionConfigurationPlatforms) = preSolution
		Debug|Any CPU = Debug|Any CPU
		Release|Any CPU = Release|Any CPU
	EndGlobalSection
	GlobalSection(ProjectConfigurationPlatforms) = postSolution
		{C0F25D50-4489-4F75-BDF6-2A7DCE3DB63D}.Debug|Any CPU.ActiveCfg = Debug|Any CPU
		{C0F25D50-4489-4F75-BDF6-2A7DCE3DB63D}.Debug|Any CPU.Build.0 = Debug|Any CPU
		{C0F25D50-4489-4F75-BDF6-2A7DCE3DB63D}.Release|Any CPU.ActiveCfg = Release|Any CPU
		{C0F25D50-4489-4F75-BDF6-2A7DCE3DB63D}.Release|Any CPU.Build.0 = Release|Any CPU
	EndGlobalSection
	GlobalSection(SolutionProperties) = preSolution
		HideSolutionNode = FALSE
	EndGlobalSection
	GlobalSection(ExtensibilityGlobals) = postSolution
		SolutionGuid = {CD84B134-51E3-4D3A-94ED-6F6FA8FD7D4C}
	EndGlobalSection
EndGlobal
